
Microsoft Visual Studio Solution File, Format Version 12.00
# Visual Studio Version 17
VisualStudioVersion = 17.6.33712.159
MinimumVisualStudioVersion = 10.0.40219.1
Project("{2150E333-8FDC-42A3-9474-1A3956D46DE8}") = "Services", "Services", "{97E9163B-A23E-4DCD-AC6A-E7FB21B90A75}"
EndProject
Project("{2150E333-8FDC-42A3-9474-1A3956D46DE8}") = "Catalog", "Catalog", "{67849539-5E11-4575-9422-CFFF278D115D}"
EndProject
Project("{9A19103F-16F7-4668-BE54-9A1E7A4F7556}") = "FreeCourse.Services.Catalog", "Services\Catalog\FreeCourse.Services.Catalog\FreeCourse.Services.Catalog.csproj", "{EEBC75F0-575C-4020-B575-6AC149B5D150}"
EndProject
Project("{2150E333-8FDC-42A3-9474-1A3956D46DE8}") = "Solution Items", "Solution Items", "{7AD434B0-D16F-4994-ABBB-630B5235C5D6}"
	ProjectSection(SolutionItems) = preProject
		Ports.txt = Ports.txt
	EndProjectSection
EndProject
Project("{2150E333-8FDC-42A3-9474-1A3956D46DE8}") = "Shared", "Shared", "{D53EABAB-DB84-4CE2-B15F-983E55E11799}"
EndProject
Project("{9A19103F-16F7-4668-BE54-9A1E7A4F7556}") = "FreeCourse.Shared", "Shared\FreeCourse.Shared\FreeCourse.Shared.csproj", "{6AA69767-C0AA-4A8A-8D93-FB093FC134D7}"
EndProject
Project("{2150E333-8FDC-42A3-9474-1A3956D46DE8}") = "IdentityServer", "IdentityServer", "{C500763C-EDB0-4A78-8393-DA3DA17573E4}"
EndProject
Project("{9A19103F-16F7-4668-BE54-9A1E7A4F7556}") = "FreeCourse.IdentityServer", "IdentityServer\FreeCourse.IdentityServer\FreeCourse.IdentityServer.csproj", "{8F8EAF58-CDC7-4A87-A9BA-5B9439B72C79}"
EndProject
Project("{2150E333-8FDC-42A3-9474-1A3956D46DE8}") = "PhotoStock", "PhotoStock", "{1AE167D3-F0BA-4ACF-902B-3CAE8A332EDC}"
EndProject
Project("{9A19103F-16F7-4668-BE54-9A1E7A4F7556}") = "FreeCourse.Services.PhotoStock", "Services\PhotoStock\FreeCourse.Services.PhotoStock\FreeCourse.Services.PhotoStock.csproj", "{96971049-B09E-4E71-9F08-232C525B93E5}"
EndProject
Project("{2150E333-8FDC-42A3-9474-1A3956D46DE8}") = "IdentityServerJWT", "IdentityServerJWT", "{D271ADB0-6DF3-45C5-A02F-558DEB4B4B5A}"
EndProject
Project("{9A19103F-16F7-4668-BE54-9A1E7A4F7556}") = "FreeCourse.IdentityServerJWT", "IdentityServerJWT\FreeCourse.IdentityServerJWT\FreeCourse.IdentityServerJWT.csproj", "{D8F56E1E-9784-4275-9C81-B2F5ECC17405}"
EndProject
Project("{2150E333-8FDC-42A3-9474-1A3956D46DE8}") = "Basket", "Basket", "{12B4D03E-4598-48C9-A1BC-BC1BE97C99F2}"
EndProject
Project("{2150E333-8FDC-42A3-9474-1A3956D46DE8}") = "Discount", "Discount", "{1C31AB45-389D-4E0E-9ECC-67A050A62DF5}"
EndProject
Project("{9A19103F-16F7-4668-BE54-9A1E7A4F7556}") = "FreeCourse.Services.Discount", "Services\Discount\FreeCourse.Services.Discount\FreeCourse.Services.Discount.csproj", "{9F52BA49-478B-4A72-853A-583C2EE4FD35}"
EndProject
Project("{9A19103F-16F7-4668-BE54-9A1E7A4F7556}") = "FreeCourse.Services.Basket", "Services\Basket\FreeCourse.Services.Basket\FreeCourse.Services.Basket.csproj", "{918BC59A-2032-4470-BC93-49890793488F}"
EndProject
Project("{2150E333-8FDC-42A3-9474-1A3956D46DE8}") = "Order", "Order", "{00868D06-2422-488B-A784-30448E98DCE3}"
EndProject
Project("{9A19103F-16F7-4668-BE54-9A1E7A4F7556}") = "FreeCourse.Services.Order.API", "Services\Order\FreeCourse.Services.Order.API\FreeCourse.Services.Order.API.csproj", "{CA332659-0A88-4831-B97A-2F501011C17B}"
EndProject
Project("{9A19103F-16F7-4668-BE54-9A1E7A4F7556}") = "FreeCourse.Services.Order.Application", "Services\Order\FreeCourse.Services.Order.Application\FreeCourse.Services.Order.Application.csproj", "{A462C165-525A-4FA8-8C68-9F6A4054FAB8}"
EndProject
Project("{9A19103F-16F7-4668-BE54-9A1E7A4F7556}") = "FreeCourse.Services.Order.Domain", "Services\Order\FreeCourse.Services.Order.Domain\FreeCourse.Services.Order.Domain.csproj", "{057D6BA3-2803-46A8-B221-AE80BD3BF040}"
EndProject
Project("{9A19103F-16F7-4668-BE54-9A1E7A4F7556}") = "FreeCourse.Services.Order.Domain.Core", "Services\Order\FreeCourse.Services.Order.Domain.Core\FreeCourse.Services.Order.Domain.Core.csproj", "{3C9EFFC9-0A43-44A9-8329-B66BBEED513A}"
EndProject
Project("{9A19103F-16F7-4668-BE54-9A1E7A4F7556}") = "FreeCourse.Services.Order.Infrastructure", "Services\Order\FreeCourse.Services.Order.Infrastructure\FreeCourse.Services.Order.Infrastructure.csproj", "{C908CEF8-4288-492E-BCA4-5177E436A827}"
EndProject
Project("{2150E333-8FDC-42A3-9474-1A3956D46DE8}") = "Payment", "Payment", "{E570EA32-1DE1-4BBB-9883-380CEACCEFB8}"
EndProject
Project("{9A19103F-16F7-4668-BE54-9A1E7A4F7556}") = "FreeCourse.Services.Payment", "Services\Payment\FreeCourse.Services.Payment\FreeCourse.Services.Payment.csproj", "{6C038D17-255F-4716-A23C-AE55ECE6E8B1}"
EndProject
Project("{2150E333-8FDC-42A3-9474-1A3956D46DE8}") = "Gateways", "Gateways", "{DB2CD63F-B592-4E3F-BF46-8BCDC0073956}"
EndProject
Project("{9A19103F-16F7-4668-BE54-9A1E7A4F7556}") = "FreeCourse.Gateway", "Gateways\FreeCourse.Gateway\FreeCourse.Gateway.csproj", "{DC3807D0-DD4F-44A3-AB39-599B68304F73}"
EndProject
Project("{2150E333-8FDC-42A3-9474-1A3956D46DE8}") = "Frontends", "Frontends", "{01DF4DAF-037E-4E94-A40A-E64AC78DD37F}"
EndProject
Project("{9A19103F-16F7-4668-BE54-9A1E7A4F7556}") = "FreeCourse.Web", "Frontends\FreeCourse.Web\FreeCourse.Web.csproj", "{1DF6C339-792D-49B4-8B1F-66DDBB88D5B7}"
EndProject
Global
	GlobalSection(SolutionConfigurationPlatforms) = preSolution
		Debug|Any CPU = Debug|Any CPU
		Release|Any CPU = Release|Any CPU
	EndGlobalSection
	GlobalSection(ProjectConfigurationPlatforms) = postSolution
		{EEBC75F0-575C-4020-B575-6AC149B5D150}.Debug|Any CPU.ActiveCfg = Debug|Any CPU
		{EEBC75F0-575C-4020-B575-6AC149B5D150}.Debug|Any CPU.Build.0 = Debug|Any CPU
		{EEBC75F0-575C-4020-B575-6AC149B5D150}.Release|Any CPU.ActiveCfg = Release|Any CPU
		{EEBC75F0-575C-4020-B575-6AC149B5D150}.Release|Any CPU.Build.0 = Release|Any CPU
		{6AA69767-C0AA-4A8A-8D93-FB093FC134D7}.Debug|Any CPU.ActiveCfg = Debug|Any CPU
		{6AA69767-C0AA-4A8A-8D93-FB093FC134D7}.Debug|Any CPU.Build.0 = Debug|Any CPU
		{6AA69767-C0AA-4A8A-8D93-FB093FC134D7}.Release|Any CPU.ActiveCfg = Release|Any CPU
		{6AA69767-C0AA-4A8A-8D93-FB093FC134D7}.Release|Any CPU.Build.0 = Release|Any CPU
		{8F8EAF58-CDC7-4A87-A9BA-5B9439B72C79}.Debug|Any CPU.ActiveCfg = Debug|Any CPU
		{8F8EAF58-CDC7-4A87-A9BA-5B9439B72C79}.Debug|Any CPU.Build.0 = Debug|Any CPU
		{8F8EAF58-CDC7-4A87-A9BA-5B9439B72C79}.Release|Any CPU.ActiveCfg = Release|Any CPU
		{8F8EAF58-CDC7-4A87-A9BA-5B9439B72C79}.Release|Any CPU.Build.0 = Release|Any CPU
		{96971049-B09E-4E71-9F08-232C525B93E5}.Debug|Any CPU.ActiveCfg = Debug|Any CPU
		{96971049-B09E-4E71-9F08-232C525B93E5}.Debug|Any CPU.Build.0 = Debug|Any CPU
		{96971049-B09E-4E71-9F08-232C525B93E5}.Release|Any CPU.ActiveCfg = Release|Any CPU
		{96971049-B09E-4E71-9F08-232C525B93E5}.Release|Any CPU.Build.0 = Release|Any CPU
		{D8F56E1E-9784-4275-9C81-B2F5ECC17405}.Debug|Any CPU.ActiveCfg = Debug|Any CPU
		{D8F56E1E-9784-4275-9C81-B2F5ECC17405}.Debug|Any CPU.Build.0 = Debug|Any CPU
		{D8F56E1E-9784-4275-9C81-B2F5ECC17405}.Release|Any CPU.ActiveCfg = Release|Any CPU
		{D8F56E1E-9784-4275-9C81-B2F5ECC17405}.Release|Any CPU.Build.0 = Release|Any CPU
		{9F52BA49-478B-4A72-853A-583C2EE4FD35}.Debug|Any CPU.ActiveCfg = Debug|Any CPU
		{9F52BA49-478B-4A72-853A-583C2EE4FD35}.Debug|Any CPU.Build.0 = Debug|Any CPU
		{9F52BA49-478B-4A72-853A-583C2EE4FD35}.Release|Any CPU.ActiveCfg = Release|Any CPU
		{9F52BA49-478B-4A72-853A-583C2EE4FD35}.Release|Any CPU.Build.0 = Release|Any CPU
		{918BC59A-2032-4470-BC93-49890793488F}.Debug|Any CPU.ActiveCfg = Debug|Any CPU
		{918BC59A-2032-4470-BC93-49890793488F}.Debug|Any CPU.Build.0 = Debug|Any CPU
		{918BC59A-2032-4470-BC93-49890793488F}.Release|Any CPU.ActiveCfg = Release|Any CPU
		{918BC59A-2032-4470-BC93-49890793488F}.Release|Any CPU.Build.0 = Release|Any CPU
		{CA332659-0A88-4831-B97A-2F501011C17B}.Debug|Any CPU.ActiveCfg = Debug|Any CPU
		{CA332659-0A88-4831-B97A-2F501011C17B}.Debug|Any CPU.Build.0 = Debug|Any CPU
		{CA332659-0A88-4831-B97A-2F501011C17B}.Release|Any CPU.ActiveCfg = Release|Any CPU
		{CA332659-0A88-4831-B97A-2F501011C17B}.Release|Any CPU.Build.0 = Release|Any CPU
		{A462C165-525A-4FA8-8C68-9F6A4054FAB8}.Debug|Any CPU.ActiveCfg = Debug|Any CPU
		{A462C165-525A-4FA8-8C68-9F6A4054FAB8}.Debug|Any CPU.Build.0 = Debug|Any CPU
		{A462C165-525A-4FA8-8C68-9F6A4054FAB8}.Release|Any CPU.ActiveCfg = Release|Any CPU
		{A462C165-525A-4FA8-8C68-9F6A4054FAB8}.Release|Any CPU.Build.0 = Release|Any CPU
		{057D6BA3-2803-46A8-B221-AE80BD3BF040}.Debug|Any CPU.ActiveCfg = Debug|Any CPU
		{057D6BA3-2803-46A8-B221-AE80BD3BF040}.Debug|Any CPU.Build.0 = Debug|Any CPU
		{057D6BA3-2803-46A8-B221-AE80BD3BF040}.Release|Any CPU.ActiveCfg = Release|Any CPU
		{057D6BA3-2803-46A8-B221-AE80BD3BF040}.Release|Any CPU.Build.0 = Release|Any CPU
		{3C9EFFC9-0A43-44A9-8329-B66BBEED513A}.Debug|Any CPU.ActiveCfg = Debug|Any CPU
		{3C9EFFC9-0A43-44A9-8329-B66BBEED513A}.Debug|Any CPU.Build.0 = Debug|Any CPU
		{3C9EFFC9-0A43-44A9-8329-B66BBEED513A}.Release|Any CPU.ActiveCfg = Release|Any CPU
		{3C9EFFC9-0A43-44A9-8329-B66BBEED513A}.Release|Any CPU.Build.0 = Release|Any CPU
		{C908CEF8-4288-492E-BCA4-5177E436A827}.Debug|Any CPU.ActiveCfg = Debug|Any CPU
		{C908CEF8-4288-492E-BCA4-5177E436A827}.Debug|Any CPU.Build.0 = Debug|Any CPU
		{C908CEF8-4288-492E-BCA4-5177E436A827}.Release|Any CPU.ActiveCfg = Release|Any CPU
		{C908CEF8-4288-492E-BCA4-5177E436A827}.Release|Any CPU.Build.0 = Release|Any CPU
		{6C038D17-255F-4716-A23C-AE55ECE6E8B1}.Debug|Any CPU.ActiveCfg = Debug|Any CPU
		{6C038D17-255F-4716-A23C-AE55ECE6E8B1}.Debug|Any CPU.Build.0 = Debug|Any CPU
		{6C038D17-255F-4716-A23C-AE55ECE6E8B1}.Release|Any CPU.ActiveCfg = Release|Any CPU
		{6C038D17-255F-4716-A23C-AE55ECE6E8B1}.Release|Any CPU.Build.0 = Release|Any CPU
		{DC3807D0-DD4F-44A3-AB39-599B68304F73}.Debug|Any CPU.ActiveCfg = Debug|Any CPU
		{DC3807D0-DD4F-44A3-AB39-599B68304F73}.Debug|Any CPU.Build.0 = Debug|Any CPU
		{DC3807D0-DD4F-44A3-AB39-599B68304F73}.Release|Any CPU.ActiveCfg = Release|Any CPU
		{DC3807D0-DD4F-44A3-AB39-599B68304F73}.Release|Any CPU.Build.0 = Release|Any CPU
		{1DF6C339-792D-49B4-8B1F-66DDBB88D5B7}.Debug|Any CPU.ActiveCfg = Debug|Any CPU
		{1DF6C339-792D-49B4-8B1F-66DDBB88D5B7}.Debug|Any CPU.Build.0 = Debug|Any CPU
		{1DF6C339-792D-49B4-8B1F-66DDBB88D5B7}.Release|Any CPU.ActiveCfg = Release|Any CPU
		{1DF6C339-792D-49B4-8B1F-66DDBB88D5B7}.Release|Any CPU.Build.0 = Release|Any CPU
	EndGlobalSection
	GlobalSection(SolutionProperties) = preSolution
		HideSolutionNode = FALSE
	EndGlobalSection
	GlobalSection(NestedProjects) = preSolution
		{67849539-5E11-4575-9422-CFFF278D115D} = {97E9163B-A23E-4DCD-AC6A-E7FB21B90A75}
		{EEBC75F0-575C-4020-B575-6AC149B5D150} = {67849539-5E11-4575-9422-CFFF278D115D}
		{6AA69767-C0AA-4A8A-8D93-FB093FC134D7} = {D53EABAB-DB84-4CE2-B15F-983E55E11799}
		{8F8EAF58-CDC7-4A87-A9BA-5B9439B72C79} = {C500763C-EDB0-4A78-8393-DA3DA17573E4}
		{1AE167D3-F0BA-4ACF-902B-3CAE8A332EDC} = {97E9163B-A23E-4DCD-AC6A-E7FB21B90A75}
		{96971049-B09E-4E71-9F08-232C525B93E5} = {1AE167D3-F0BA-4ACF-902B-3CAE8A332EDC}
		{D8F56E1E-9784-4275-9C81-B2F5ECC17405} = {D271ADB0-6DF3-45C5-A02F-558DEB4B4B5A}
		{12B4D03E-4598-48C9-A1BC-BC1BE97C99F2} = {97E9163B-A23E-4DCD-AC6A-E7FB21B90A75}
		{1C31AB45-389D-4E0E-9ECC-67A050A62DF5} = {97E9163B-A23E-4DCD-AC6A-E7FB21B90A75}
		{9F52BA49-478B-4A72-853A-583C2EE4FD35} = {1C31AB45-389D-4E0E-9ECC-67A050A62DF5}
		{918BC59A-2032-4470-BC93-49890793488F} = {12B4D03E-4598-48C9-A1BC-BC1BE97C99F2}
		{00868D06-2422-488B-A784-30448E98DCE3} = {97E9163B-A23E-4DCD-AC6A-E7FB21B90A75}
		{CA332659-0A88-4831-B97A-2F501011C17B} = {00868D06-2422-488B-A784-30448E98DCE3}
		{A462C165-525A-4FA8-8C68-9F6A4054FAB8} = {00868D06-2422-488B-A784-30448E98DCE3}
		{057D6BA3-2803-46A8-B221-AE80BD3BF040} = {00868D06-2422-488B-A784-30448E98DCE3}
		{3C9EFFC9-0A43-44A9-8329-B66BBEED513A} = {00868D06-2422-488B-A784-30448E98DCE3}
		{C908CEF8-4288-492E-BCA4-5177E436A827} = {00868D06-2422-488B-A784-30448E98DCE3}
		{E570EA32-1DE1-4BBB-9883-380CEACCEFB8} = {97E9163B-A23E-4DCD-AC6A-E7FB21B90A75}
		{6C038D17-255F-4716-A23C-AE55ECE6E8B1} = {E570EA32-1DE1-4BBB-9883-380CEACCEFB8}
		{DC3807D0-DD4F-44A3-AB39-599B68304F73} = {DB2CD63F-B592-4E3F-BF46-8BCDC0073956}
		{1DF6C339-792D-49B4-8B1F-66DDBB88D5B7} = {01DF4DAF-037E-4E94-A40A-E64AC78DD37F}
	EndGlobalSection
	GlobalSection(ExtensibilityGlobals) = postSolution
		SolutionGuid = {BEA8B895-342C-4AEC-B647-0AA57E9700D6}
	EndGlobalSection
EndGlobal
